github.com/davecgh/go-spew v1.1.1/go.mod h1:J7Y8YcW2NihsgmVo/mv3lAwl/skON4iLHjSsI+c5H38=
github.com/gorilla/rpc v1.2.0 h1:WvvdC2lNeT1SP32zrIce5l0ECBfbAlmrmSBsuc57wfk=
github.com/gorilla/rpc v1.2.0/go.mod h1:V4h9r+4sF5HnzqbwIez0fKSpANP0zlYd3qR7p36jkTQ=
github.com/ochinchina/gorilla-xmlrpc v0.0.0-20171012055324-ecf2fe693a2c h1:6xgMUqscagnZicBedm1h4T3q6IQHbrrZp7bker+toOI=
github.com/ochinchina/gorilla-xmlrpc v0.0.0-20171012055324-ecf2fe693a2c/go.mod h1:/gFmJ8Das0jFgYxzt/RkvAO62T/ZPcyTaZlOkEBu/jw=
github.com/ochinchina/supervisord/events v0.0.0-20230902082938-c2cae38b7454 h1:hYLE1B7uU6PsVs64CoKtWltrdkqLCQIws4LG4aozvJ8=
github.com/ochinchina/supervisord/events v0.0.0-20230902082938-c2cae38b7454/go.mod h1:I+vx/d8jVSVe0nmhaJUPuouUnhpfUUiUbDciSDViL5I=
github.com/ochinchina/supervisord/events v0.0.0-20260827023808-368eb5d6ad92 h1:ndm2Y05jDWr7PbCky+hwvK2Gu8NLrluWL7XlES4sIdw=
github.com/ochinchina/supervisord/events v0.0.0-20260827023808-368eb5d6ad92/go.mod h1:Y9Gjv9itXwhg/eMuajMK5szUZjdGUiE5bN9nUuP5qUQ=
github.com/ochinchina/supervisord/faults v0.0.0-20230902082938-c2cae38b7454 h1:vRDvMnQjSTFV3kLQvTMnTyodOzfYMQ6W3PbaqKhEE1Q=
github.com/ochinchina/supervisord/faults v0.0.0-20230902082938-c2cae38b7454/go.mod h1:kReR3fnUfV2OHFESJ9IDriCTg/VU1D0cFfNPNOnMQCs=
github.com/pmezard/go-difflib v1.0.0/go.mod h1:iKH77koFhYxTK1pcRnkKkqfTogsbg7gZNVY4sRDYZ/4=
github.com/rogpeppe/go-charset v0.0.0-20190617161244-0dc95cdf6f31 h1:DE4LcMKyqAVa6a0CGmVxANbnVb7stzMmPkQiieyNmfQ=
github.com/rogpeppe/go-charset v0.0.0-20190617161244-0dc95cdf6f31/go.mod h1:qgYeAmZ5ZIpBWTGllZSQnw97Dj+woV0toclVaRGI8pc=
github.com/sirupsen/logrus v1.8.1 h1:dJKuHgqk1NNQlqoA6BTlM1Wf9DOH3NBjQyu0h9+AZZE=
github.com/sirupsen/logrus v1.8.1/go.mod h1:yWOB1SBYBC5VeMP7gHvWumXLIWorT60ONWic61uBYv0=
github.com/sirupsen/logrus v1.9.4 h1:TsZE7l11zFCLZnZ+teH4Umoq5BhEIfIzfRDZ1Uzql2w=
github.com/sirupsen/logrus v1.9.4/go.mod h1:ftWc9WdOfJ0a92nsE2jF5u5ZwH8Bv2zdeOC42RjbV2g=
github.com/stretchr/objx v0.5.2/go.mod h1:FRsXN1f5AsAjCGJKqEizvkpNtU+EGNCLh3NxZ/8L+MA=
github.com/stretchr/testify v1.2.2/go.mod h1:a8OnRcib4nhh0OaRAV+Yts87kKdq0PP7pXfy6kDkUVs=
github.com/stretchr/testify v1.10.0/go.mod h1:r2ic/lqez/lEtzL7wO/rwa5dbSLXVDPFyf8C91i36aY=
golang.org/x/sys v0.0.0-20191026070338-33540a1f6037 h1:YyJpGZS1sBuBCzLAR1VEpK193GlqGZbnPFnPV/5Rsb4=
golang.org/x/sys v0.0.0-20191026070338-33540a1f6037/go.mod h1:h1NjWce9XRLGQEsW7wpKNCjG9DtNlClVuFLEZdDNbEs=
golang.org/x/sys v0.47.0 h1:o7XGOvZQCADBQQ4Y7VNq2dRWQR7JmOUW8Kxx4ZsNgWs=
golang.org/x/sys v0.47.0/go.mod h1:4GL1E5IUh+htKOUEOaiffhrAeqysfVGipDYzABqnCmw=
gopkg.in/check.v1 v0.0.0-20161208181325-20d25e280405/go.mod h1:Co6ibVJAznAaIkqp8huTwlJQCZ016jof/cbN4VW5Yz0=
gopkg.in/yaml.v3 v3.0.1/go.mod h1:K4uyk7z7BCEPqu6E+C64Yfv1cQ7kz7rIZviUmN+EgEM=
